
Microsoft Visual Studio Solution File, Format Version 12.00
# Visual Studio Version 17
VisualStudioVersion = 17.9.34723.18
MinimumVisualStudioVersion = 10.0.40219.1
Project("{FAE04EC0-301F-11D3-BF4B-00C04F79EFBC}") = "DomainLayer", "DomainLayer.csproj", "{C024F767-7673-444C-866D-30819F71BEED}"
EndProject
Global
	GlobalSection(SolutionConfigurationPlatforms) = preSolution
		Debug|Any CPU = Debug|Any CPU
		Release|Any CPU = Release|Any CPU
	EndGlobalSection
	GlobalSection(ProjectConfigurationPlatforms) = postSolution
		{C024F767-7673-444C-866D-30819F71BEED}.Debug|Any CPU.ActiveCfg = Debug|Any CPU
		{C024F767-7673-444C-866D-30819F71BEED}.Debug|Any CPU.Build.0 = Debug|Any CPU
		{C024F767-7673-444C-866D-30819F71BEED}.Release|Any CPU.ActiveCfg = Release|Any CPU
		{C024F767-7673-444C-866D-30819F71BEED}.Release|Any CPU.Build.0 = Release|Any CPU
	EndGlobalSection
	GlobalSection(SolutionProperties) = preSolution
		HideSolutionNode = FALSE
	EndGlobalSection
	GlobalSection(ExtensibilityGlobals) = postSolution
		SolutionGuid = {8BACB0F4-BDE1-4483-BD77-688A3F820509}
	EndGlobalSection
EndGlobal
