
Microsoft Visual Studio Solution File, Format Version 12.00
# Visual Studio Version 17
VisualStudioVersion = 17.9.34723.18
MinimumVisualStudioVersion = 10.0.40219.1
Project("{9A19103F-16F7-4668-BE54-9A1E7A4F7556}") = "InitialProject.WebApi", "..\PresentationLayer\InitialProject.WebApi\InitialProject.WebApi.csproj", "{A649D383-50D8-4FE8-8A19-F55DDFD72F22}"
EndProject
Global
	GlobalSection(SolutionConfigurationPlatforms) = preSolution
		Debug|Any CPU = Debug|Any CPU
		Release|Any CPU = Release|Any CPU
	EndGlobalSection
	GlobalSection(ProjectConfigurationPlatforms) = postSolution
		{A649D383-50D8-4FE8-8A19-F55DDFD72F22}.Debug|Any CPU.ActiveCfg = Debug|Any CPU
		{A649D383-50D8-4FE8-8A19-F55DDFD72F22}.Debug|Any CPU.Build.0 = Debug|Any CPU
		{A649D383-50D8-4FE8-8A19-F55DDFD72F22}.Release|Any CPU.ActiveCfg = Release|Any CPU
		{A649D383-50D8-4FE8-8A19-F55DDFD72F22}.Release|Any CPU.Build.0 = Release|Any CPU
	EndGlobalSection
	GlobalSection(SolutionProperties) = preSolution
		HideSolutionNode = FALSE
	EndGlobalSection
	GlobalSection(ExtensibilityGlobals) = postSolution
		SolutionGuid = {2A54BC55-43AE-494E-A5CE-22C59F858F2E}
	EndGlobalSection
EndGlobal
