
Microsoft Visual Studio Solution File, Format Version 12.00
# Visual Studio Version 17
VisualStudioVersion = 17.9.34723.18
MinimumVisualStudioVersion = 10.0.40219.1
Project("{9A19103F-16F7-4668-BE54-9A1E7A4F7556}") = "DomainLayer", "DomainLayer\DomainLayer.csproj", "{C79E4F33-DDE5-4334-882C-DCC0F3BA1BA0}"
EndProject
Project("{FAE04EC0-301F-11D3-BF4B-00C04F79EFBC}") = "ApplicationLayer", "ApplicationLayer\ApplicationLayer.csproj", "{FA7649F7-9AA6-43B0-B446-E6903CF8215A}"
EndProject
Project("{FAE04EC0-301F-11D3-BF4B-00C04F79EFBC}") = "InfrastructureLayer", "InfrastructureLayer\InfrastructureLayer.csproj", "{A91641EC-C934-46BF-B23A-C7C1D0980F0A}"
EndProject
Project("{2150E333-8FDC-42A3-9474-1A3956D46DE8}") = "PresentationLayer", "PresentationLayer", "{A2771E42-423B-4FA2-8D9F-73D92DBA70FA}"
EndProject
Project("{FAE04EC0-301F-11D3-BF4B-00C04F79EFBC}") = "InitialProject.WebApi", "PresentationLayer\InitialProject.WebApi\InitialProject.WebApi.csproj", "{4A18DD82-BCDC-4FFE-A934-23E82C935C0E}"
EndProject
Global
	GlobalSection(SolutionConfigurationPlatforms) = preSolution
		Debug|Any CPU = Debug|Any CPU
		Release|Any CPU = Release|Any CPU
	EndGlobalSection
	GlobalSection(ProjectConfigurationPlatforms) = postSolution
		{C79E4F33-DDE5-4334-882C-DCC0F3BA1BA0}.Debug|Any CPU.ActiveCfg = Debug|Any CPU
		{C79E4F33-DDE5-4334-882C-DCC0F3BA1BA0}.Debug|Any CPU.Build.0 = Debug|Any CPU
		{C79E4F33-DDE5-4334-882C-DCC0F3BA1BA0}.Release|Any CPU.ActiveCfg = Release|Any CPU
		{C79E4F33-DDE5-4334-882C-DCC0F3BA1BA0}.Release|Any CPU.Build.0 = Release|Any CPU
		{FA7649F7-9AA6-43B0-B446-E6903CF8215A}.Debug|Any CPU.ActiveCfg = Debug|Any CPU
		{FA7649F7-9AA6-43B0-B446-E6903CF8215A}.Debug|Any CPU.Build.0 = Debug|Any CPU
		{FA7649F7-9AA6-43B0-B446-E6903CF8215A}.Release|Any CPU.ActiveCfg = Release|Any CPU
		{FA7649F7-9AA6-43B0-B446-E6903CF8215A}.Release|Any CPU.Build.0 = Release|Any CPU
		{A91641EC-C934-46BF-B23A-C7C1D0980F0A}.Debug|Any CPU.ActiveCfg = Debug|Any CPU
		{A91641EC-C934-46BF-B23A-C7C1D0980F0A}.Debug|Any CPU.Build.0 = Debug|Any CPU
		{A91641EC-C934-46BF-B23A-C7C1D0980F0A}.Release|Any CPU.ActiveCfg = Release|Any CPU
		{A91641EC-C934-46BF-B23A-C7C1D0980F0A}.Release|Any CPU.Build.0 = Release|Any CPU
		{4A18DD82-BCDC-4FFE-A934-23E82C935C0E}.Debug|Any CPU.ActiveCfg = Debug|Any CPU
		{4A18DD82-BCDC-4FFE-A934-23E82C935C0E}.Debug|Any CPU.Build.0 = Debug|Any CPU
		{4A18DD82-BCDC-4FFE-A934-23E82C935C0E}.Release|Any CPU.ActiveCfg = Release|Any CPU
		{4A18DD82-BCDC-4FFE-A934-23E82C935C0E}.Release|Any CPU.Build.0 = Release|Any CPU
	EndGlobalSection
	GlobalSection(SolutionProperties) = preSolution
		HideSolutionNode = FALSE
	EndGlobalSection
	GlobalSection(NestedProjects) = preSolution
		{4A18DD82-BCDC-4FFE-A934-23E82C935C0E} = {A2771E42-423B-4FA2-8D9F-73D92DBA70FA}
	EndGlobalSection
	GlobalSection(ExtensibilityGlobals) = postSolution
		SolutionGuid = {04C2197E-B161-40A2-B9B5-92E01C78C620}
	EndGlobalSection
EndGlobal
