
Microsoft Visual Studio Solution File, Format Version 12.00
# Visual Studio Version 17
VisualStudioVersion = 17.9.34723.18
MinimumVisualStudioVersion = 10.0.40219.1
Project("{9A19103F-16F7-4668-BE54-9A1E7A4F7556}") = "DomainLayer", "DomainLayer\DomainLayer.csproj", "{C79E4F33-DDE5-4334-882C-DCC0F3BA1BA0}"
EndProject
Project("{9A19103F-16F7-4668-BE54-9A1E7A4F7556}") = "ApplicationLayer", "ApplicationLayer\ApplicationLayer.csproj", "{FA7649F7-9AA6-43B0-B446-E6903CF8215A}"
EndProject
Project("{9A19103F-16F7-4668-BE54-9A1E7A4F7556}") = "InfrastructureLayer", "InfrastructureLayer\InfrastructureLayer.csproj", "{A91641EC-C934-46BF-B23A-C7C1D0980F0A}"
EndProject
Project("{2150E333-8FDC-42A3-9474-1A3956D46DE8}") = "PresentationLayer", "PresentationLayer", "{A2771E42-423B-4FA2-8D9F-73D92DBA70FA}"
EndProject
Project("{9A19103F-16F7-4668-BE54-9A1E7A4F7556}") = "InitialProject.WebApi", "PresentationLayer\InitialProject.WebApi\InitialProject.WebApi.csproj", "{4A18DD82-BCDC-4FFE-A934-23E82C935C0E}"
EndProject
Project("{9A19103F-16F7-4668-BE54-9A1E7A4F7556}") = "InitialProject.Web", "PresentationLayer\InitialProject.Web\InitialProject.Web\InitialProject.Web.csproj", "{ED6B0B5D-2766-47A0-838D-9AA8D5192A88}"
EndProject
Project("{9A19103F-16F7-4668-BE54-9A1E7A4F7556}") = "InitialProject.Web.Client", "PresentationLayer\InitialProject.Web\InitialProject.Web.Client\InitialProject.Web.Client.csproj", "{1E0BA0C8-8CAB-4AA4-BEAC-71BAB056A47B}"
EndProject
Project("{9A19103F-16F7-4668-BE54-9A1E7A4F7556}") = "InitialProject.Desktop", "PresentationLayer\InitialProject.Desktop\InitialProject.Desktop.csproj", "{6DBE369D-5F98-4479-9B52-F8D3E4707294}"
EndProject
Project("{FAE04EC0-301F-11D3-BF4B-00C04F79EFBC}") = "InitialProject.Mobile", "PresentationLayer\InitialProject.Mobile\InitialProject.Mobile.csproj", "{59B39DA6-8A2B-48F0-BCD1-B9EAB0AA91CD}"
EndProject
Global
	GlobalSection(SolutionConfigurationPlatforms) = preSolution
		Debug|Any CPU = Debug|Any CPU
		Release|Any CPU = Release|Any CPU
	EndGlobalSection
	GlobalSection(ProjectConfigurationPlatforms) = postSolution
		{C79E4F33-DDE5-4334-882C-DCC0F3BA1BA0}.Debug|Any CPU.ActiveCfg = Debug|Any CPU
		{C79E4F33-DDE5-4334-882C-DCC0F3BA1BA0}.Debug|Any CPU.Build.0 = Debug|Any CPU
		{C79E4F33-DDE5-4334-882C-DCC0F3BA1BA0}.Release|Any CPU.ActiveCfg = Release|Any CPU
		{C79E4F33-DDE5-4334-882C-DCC0F3BA1BA0}.Release|Any CPU.Build.0 = Release|Any CPU
		{FA7649F7-9AA6-43B0-B446-E6903CF8215A}.Debug|Any CPU.ActiveCfg = Debug|Any CPU
		{FA7649F7-9AA6-43B0-B446-E6903CF8215A}.Debug|Any CPU.Build.0 = Debug|Any CPU
		{FA7649F7-9AA6-43B0-B446-E6903CF8215A}.Release|Any CPU.ActiveCfg = Release|Any CPU
		{FA7649F7-9AA6-43B0-B446-E6903CF8215A}.Release|Any CPU.Build.0 = Release|Any CPU
		{A91641EC-C934-46BF-B23A-C7C1D0980F0A}.Debug|Any CPU.ActiveCfg = Debug|Any CPU
		{A91641EC-C934-46BF-B23A-C7C1D0980F0A}.Debug|Any CPU.Build.0 = Debug|Any CPU
		{A91641EC-C934-46BF-B23A-C7C1D0980F0A}.Release|Any CPU.ActiveCfg = Release|Any CPU
		{A91641EC-C934-46BF-B23A-C7C1D0980F0A}.Release|Any CPU.Build.0 = Release|Any CPU
		{4A18DD82-BCDC-4FFE-A934-23E82C935C0E}.Debug|Any CPU.ActiveCfg = Debug|Any CPU
		{4A18DD82-BCDC-4FFE-A934-23E82C935C0E}.Debug|Any CPU.Build.0 = Debug|Any CPU
		{4A18DD82-BCDC-4FFE-A934-23E82C935C0E}.Release|Any CPU.ActiveCfg = Release|Any CPU
		{4A18DD82-BCDC-4FFE-A934-23E82C935C0E}.Release|Any CPU.Build.0 = Release|Any CPU
		{ED6B0B5D-2766-47A0-838D-9AA8D5192A88}.Debug|Any CPU.ActiveCfg = Debug|Any CPU
		{ED6B0B5D-2766-47A0-838D-9AA8D5192A88}.Debug|Any CPU.Build.0 = Debug|Any CPU
		{ED6B0B5D-2766-47A0-838D-9AA8D5192A88}.Release|Any CPU.ActiveCfg = Release|Any CPU
		{ED6B0B5D-2766-47A0-838D-9AA8D5192A88}.Release|Any CPU.Build.0 = Release|Any CPU
		{1E0BA0C8-8CAB-4AA4-BEAC-71BAB056A47B}.Debug|Any CPU.ActiveCfg = Debug|Any CPU
		{1E0BA0C8-8CAB-4AA4-BEAC-71BAB056A47B}.Debug|Any CPU.Build.0 = Debug|Any CPU
		{1E0BA0C8-8CAB-4AA4-BEAC-71BAB056A47B}.Release|Any CPU.ActiveCfg = Release|Any CPU
		{1E0BA0C8-8CAB-4AA4-BEAC-71BAB056A47B}.Release|Any CPU.Build.0 = Release|Any CPU
		{6DBE369D-5F98-4479-9B52-F8D3E4707294}.Debug|Any CPU.ActiveCfg = Debug|Any CPU
		{6DBE369D-5F98-4479-9B52-F8D3E4707294}.Debug|Any CPU.Build.0 = Debug|Any CPU
		{6DBE369D-5F98-4479-9B52-F8D3E4707294}.Release|Any CPU.ActiveCfg = Release|Any CPU
		{6DBE369D-5F98-4479-9B52-F8D3E4707294}.Release|Any CPU.Build.0 = Release|Any CPU
		{59B39DA6-8A2B-48F0-BCD1-B9EAB0AA91CD}.Debug|Any CPU.ActiveCfg = Debug|Any CPU
		{59B39DA6-8A2B-48F0-BCD1-B9EAB0AA91CD}.Debug|Any CPU.Build.0 = Debug|Any CPU
		{59B39DA6-8A2B-48F0-BCD1-B9EAB0AA91CD}.Debug|Any CPU.Deploy.0 = Debug|Any CPU
		{59B39DA6-8A2B-48F0-BCD1-B9EAB0AA91CD}.Release|Any CPU.ActiveCfg = Release|Any CPU
		{59B39DA6-8A2B-48F0-BCD1-B9EAB0AA91CD}.Release|Any CPU.Build.0 = Release|Any CPU
		{59B39DA6-8A2B-48F0-BCD1-B9EAB0AA91CD}.Release|Any CPU.Deploy.0 = Release|Any CPU
	EndGlobalSection
	GlobalSection(SolutionProperties) = preSolution
		HideSolutionNode = FALSE
	EndGlobalSection
	GlobalSection(NestedProjects) = preSolution
		{4A18DD82-BCDC-4FFE-A934-23E82C935C0E} = {A2771E42-423B-4FA2-8D9F-73D92DBA70FA}
		{ED6B0B5D-2766-47A0-838D-9AA8D5192A88} = {A2771E42-423B-4FA2-8D9F-73D92DBA70FA}
		{1E0BA0C8-8CAB-4AA4-BEAC-71BAB056A47B} = {A2771E42-423B-4FA2-8D9F-73D92DBA70FA}
		{6DBE369D-5F98-4479-9B52-F8D3E4707294} = {A2771E42-423B-4FA2-8D9F-73D92DBA70FA}
		{59B39DA6-8A2B-48F0-BCD1-B9EAB0AA91CD} = {A2771E42-423B-4FA2-8D9F-73D92DBA70FA}
	EndGlobalSection
	GlobalSection(ExtensibilityGlobals) = postSolution
		SolutionGuid = {04C2197E-B161-40A2-B9B5-92E01C78C620}
	EndGlobalSection
EndGlobal
